
Microsoft Visual Studio Solution File, Format Version 12.00
# Visual Studio 14
VisualStudioVersion = 14.0.25420.1
MinimumVisualStudioVersion = 10.0.40219.1
Project("{AE9D4D71-A1BF-478A-BAE8-FCC3C8BCC253}") = "MoreCargoModes", "CargoFerries\MoreCargoModes.csproj", "{F14D8F14-F259-426C-B854-C7C0CEF55BBC}"
EndProject
Global
	GlobalSection(SolutionConfigurationPlatforms) = preSolution
		Debug|Any CPU = Debug|Any CPU
		Release|Any CPU = Release|Any CPU
	EndGlobalSection
	GlobalSection(ProjectConfigurationPlatforms) = postSolution
		{F14D8F14-F259-426C-B854-C7C0CEF55BBC}.Debug|Any CPU.ActiveCfg = Debug|Any CPU
		{F14D8F14-F259-426C-B854-C7C0CEF55BBC}.Debug|Any CPU.Build.0 = Debug|Any CPU
		{F14D8F14-F259-426C-B854-C7C0CEF55BBC}.Release|Any CPU.ActiveCfg = Release|Any CPU
		{F14D8F14-F259-426C-B854-C7C0CEF55BBC}.Release|Any CPU.Build.0 = Release|Any CPU
	EndGlobalSection
	GlobalSection(SolutionProperties) = preSolution
		HideSolutionNode = FALSE
	EndGlobalSection
EndGlobal
